
Microsoft Visual Studio Solution File, Format Version 12.00
# Visual Studio 15
VisualStudioVersion = 15.0.28010.2003
MinimumVisualStudioVersion = 10.0.40219.1
Project("{FAE04EC0-301F-11D3-BF4B-00C04F79EFBC}") = "xamarin.Android", "xamarin\xamarin.Android\xamarin.Android.csproj", "{1AEC8B0D-6D45-4E5A-9303-6C727A8B0F94}"
EndProject
Project("{FAE04EC0-301F-11D3-BF4B-00C04F79EFBC}") = "xamarin.iOS", "xamarin\xamarin.iOS\xamarin.iOS.csproj", "{6D98639B-1F71-4557-9A06-DFC40DB84376}"
EndProject
Project("{FAE04EC0-301F-11D3-BF4B-00C04F79EFBC}") = "xamarin", "xamarin\xamarin\xamarin.csproj", "{296D01F8-7032-4288-95AA-962EB131BF50}"
EndProject
Global
	GlobalSection(SolutionConfigurationPlatforms) = preSolution
		Ad-Hoc|Any CPU = Ad-Hoc|Any CPU
		Ad-Hoc|iPhone = Ad-Hoc|iPhone
		Ad-Hoc|iPhoneSimulator = Ad-Hoc|iPhoneSimulator
		AppStore|Any CPU = AppStore|Any CPU
		AppStore|iPhone = AppStore|iPhone
		AppStore|iPhoneSimulator = AppStore|iPhoneSimulator
		Debug|Any CPU = Debug|Any CPU
		Debug|iPhone = Debug|iPhone
		Debug|iPhoneSimulator = Debug|iPhoneSimulator
		Release|Any CPU = Release|Any CPU
		Release|iPhone = Release|iPhone
		Release|iPhoneSimulator = Release|iPhoneSimulator
	EndGlobalSection
	GlobalSection(ProjectConfigurationPlatforms) = postSolution
		{1AEC8B0D-6D45-4E5A-9303-6C727A8B0F94}.Ad-Hoc|Any CPU.ActiveCfg = Release|Any CPU
		{1AEC8B0D-6D45-4E5A-9303-6C727A8B0F94}.Ad-Hoc|Any CPU.Build.0 = Release|Any CPU
		{1AEC8B0D-6D45-4E5A-9303-6C727A8B0F94}.Ad-Hoc|Any CPU.Deploy.0 = Release|Any CPU
		{1AEC8B0D-6D45-4E5A-9303-6C727A8B0F94}.Ad-Hoc|iPhone.ActiveCfg = Release|Any CPU
		{1AEC8B0D-6D45-4E5A-9303-6C727A8B0F94}.Ad-Hoc|iPhone.Build.0 = Release|Any CPU
		{1AEC8B0D-6D45-4E5A-9303-6C727A8B0F94}.Ad-Hoc|iPhone.Deploy.0 = Release|Any CPU
		{1AEC8B0D-6D45-4E5A-9303-6C727A8B0F94}.Ad-Hoc|iPhoneSimulator.ActiveCfg = Release|Any CPU
		{1AEC8B0D-6D45-4E5A-9303-6C727A8B0F94}.Ad-Hoc|iPhoneSimulator.Build.0 = Release|Any CPU
		{1AEC8B0D-6D45-4E5A-9303-6C727A8B0F94}.Ad-Hoc|iPhoneSimulator.Deploy.0 = Release|Any CPU
		{1AEC8B0D-6D45-4E5A-9303-6C727A8B0F94}.AppStore|Any CPU.ActiveCfg = Release|Any CPU
		{1AEC8B0D-6D45-4E5A-9303-6C727A8B0F94}.AppStore|Any CPU.Build.0 = Release|Any CPU
		{1AEC8B0D-6D45-4E5A-9303-6C727A8B0F94}.AppStore|Any CPU.Deploy.0 = Release|Any CPU
		{1AEC8B0D-6D45-4E5A-9303-6C727A8B0F94}.AppStore|iPhone.ActiveCfg = Release|Any CPU
		{1AEC8B0D-6D45-4E5A-9303-6C727A8B0F94}.AppStore|iPhone.Build.0 = Release|Any CPU
		{1AEC8B0D-6D45-4E5A-9303-6C727A8B0F94}.AppStore|iPhone.Deploy.0 = Release|Any CPU
		{1AEC8B0D-6D45-4E5A-9303-6C727A8B0F94}.AppStore|iPhoneSimulator.ActiveCfg = Release|Any CPU
		{1AEC8B0D-6D45-4E5A-9303-6C727A8B0F94}.AppStore|iPhoneSimulator.Build.0 = Release|Any CPU
		{1AEC8B0D-6D45-4E5A-9303-6C727A8B0F94}.AppStore|iPhoneSimulator.Deploy.0 = Release|Any CPU
		{1AEC8B0D-6D45-4E5A-9303-6C727A8B0F94}.Debug|Any CPU.ActiveCfg = Debug|Any CPU
		{1AEC8B0D-6D45-4E5A-9303-6C727A8B0F94}.Debug|Any CPU.Build.0 = Debug|Any CPU
		{1AEC8B0D-6D45-4E5A-9303-6C727A8B0F94}.Debug|Any CPU.Deploy.0 = Debug|Any CPU
		{1AEC8B0D-6D45-4E5A-9303-6C727A8B0F94}.Debug|iPhone.ActiveCfg = Debug|Any CPU
		{1AEC8B0D-6D45-4E5A-9303-6C727A8B0F94}.Debug|iPhone.Build.0 = Debug|Any CPU
		{1AEC8B0D-6D45-4E5A-9303-6C727A8B0F94}.Debug|iPhone.Deploy.0 = Debug|Any CPU
		{1AEC8B0D-6D45-4E5A-9303-6C727A8B0F94}.Debug|iPhoneSimulator.ActiveCfg = Debug|Any CPU
		{1AEC8B0D-6D45-4E5A-9303-6C727A8B0F94}.Debug|iPhoneSimulator.Build.0 = Debug|Any CPU
		{1AEC8B0D-6D45-4E5A-9303-6C727A8B0F94}.Debug|iPhoneSimulator.Deploy.0 = Debug|Any CPU
		{1AEC8B0D-6D45-4E5A-9303-6C727A8B0F94}.Release|Any CPU.ActiveCfg = Release|Any CPU
		{1AEC8B0D-6D45-4E5A-9303-6C727A8B0F94}.Release|Any CPU.Build.0 = Release|Any CPU
		{1AEC8B0D-6D45-4E5A-9303-6C727A8B0F94}.Release|Any CPU.Deploy.0 = Release|Any CPU
		{1AEC8B0D-6D45-4E5A-9303-6C727A8B0F94}.Release|iPhone.ActiveCfg = Release|Any CPU
		{1AEC8B0D-6D45-4E5A-9303-6C727A8B0F94}.Release|iPhone.Build.0 = Release|Any CPU
		{1AEC8B0D-6D45-4E5A-9303-6C727A8B0F94}.Release|iPhone.Deploy.0 = Release|Any CPU
		{1AEC8B0D-6D45-4E5A-9303-6C727A8B0F94}.Release|iPhoneSimulator.ActiveCfg = Release|Any CPU
		{1AEC8B0D-6D45-4E5A-9303-6C727A8B0F94}.Release|iPhoneSimulator.Build.0 = Release|Any CPU
		{1AEC8B0D-6D45-4E5A-9303-6C727A8B0F94}.Release|iPhoneSimulator.Deploy.0 = Release|Any CPU
		{6D98639B-1F71-4557-9A06-DFC40DB84376}.Ad-Hoc|Any CPU.ActiveCfg = Ad-Hoc|iPhone
		{6D98639B-1F71-4557-9A06-DFC40DB84376}.Ad-Hoc|Any CPU.Build.0 = Ad-Hoc|iPhone
		{6D98639B-1F71-4557-9A06-DFC40DB84376}.Ad-Hoc|Any CPU.Deploy.0 = Ad-Hoc|iPhone
		{6D98639B-1F71-4557-9A06-DFC40DB84376}.Ad-Hoc|iPhone.ActiveCfg = Ad-Hoc|iPhone
		{6D98639B-1F71-4557-9A06-DFC40DB84376}.Ad-Hoc|iPhone.Build.0 = Ad-Hoc|iPhone
		{6D98639B-1F71-4557-9A06-DFC40DB84376}.Ad-Hoc|iPhone.Deploy.0 = Ad-Hoc|iPhone
		{6D98639B-1F71-4557-9A06-DFC40DB84376}.Ad-Hoc|iPhoneSimulator.ActiveCfg = Ad-Hoc|iPhoneSimulator
		{6D98639B-1F71-4557-9A06-DFC40DB84376}.Ad-Hoc|iPhoneSimulator.Build.0 = Ad-Hoc|iPhoneSimulator
		{6D98639B-1F71-4557-9A06-DFC40DB84376}.Ad-Hoc|iPhoneSimulator.Deploy.0 = Ad-Hoc|iPhoneSimulator
		{6D98639B-1F71-4557-9A06-DFC40DB84376}.AppStore|Any CPU.ActiveCfg = AppStore|iPhone
		{6D98639B-1F71-4557-9A06-DFC40DB84376}.AppStore|Any CPU.Build.0 = AppStore|iPhone
		{6D98639B-1F71-4557-9A06-DFC40DB84376}.AppStore|Any CPU.Deploy.0 = AppStore|iPhone
		{6D98639B-1F71-4557-9A06-DFC40DB84376}.AppStore|iPhone.ActiveCfg = AppStore|iPhone
		{6D98639B-1F71-4557-9A06-DFC40DB84376}.AppStore|iPhone.Build.0 = AppStore|iPhone
		{6D98639B-1F71-4557-9A06-DFC40DB84376}.AppStore|iPhone.Deploy.0 = AppStore|iPhone
		{6D98639B-1F71-4557-9A06-DFC40DB84376}.AppStore|iPhoneSimulator.ActiveCfg = AppStore|iPhoneSimulator
		{6D98639B-1F71-4557-9A06-DFC40DB84376}.AppStore|iPhoneSimulator.Build.0 = AppStore|iPhoneSimulator
		{6D98639B-1F71-4557-9A06-DFC40DB84376}.AppStore|iPhoneSimulator.Deploy.0 = AppStore|iPhoneSimulator
		{6D98639B-1F71-4557-9A06-DFC40DB84376}.Debug|Any CPU.ActiveCfg = Debug|iPhoneSimulator
		{6D98639B-1F71-4557-9A06-DFC40DB84376}.Debug|Any CPU.Build.0 = Debug|iPhoneSimulator
		{6D98639B-1F71-4557-9A06-DFC40DB84376}.Debug|Any CPU.Deploy.0 = Debug|iPhoneSimulator
		{6D98639B-1F71-4557-9A06-DFC40DB84376}.Debug|iPhone.ActiveCfg = Debug|iPhone
		{6D98639B-1F71-4557-9A06-DFC40DB84376}.Debug|iPhone.Build.0 = Debug|iPhone
		{6D98639B-1F71-4557-9A06-DFC40DB84376}.Debug|iPhone.Deploy.0 = Debug|iPhone
		{6D98639B-1F71-4557-9A06-DFC40DB84376}.Debug|iPhoneSimulator.ActiveCfg = Debug|iPhoneSimulator
		{6D98639B-1F71-4557-9A06-DFC40DB84376}.Debug|iPhoneSimulator.Build.0 = Debug|iPhoneSimulator
		{6D98639B-1F71-4557-9A06-DFC40DB84376}.Debug|iPhoneSimulator.Deploy.0 = Debug|iPhoneSimulator
		{6D98639B-1F71-4557-9A06-DFC40DB84376}.Release|Any CPU.ActiveCfg = Release|iPhone
		{6D98639B-1F71-4557-9A06-DFC40DB84376}.Release|Any CPU.Build.0 = Release|iPhone
		{6D98639B-1F71-4557-9A06-DFC40DB84376}.Release|Any CPU.Deploy.0 = Release|iPhone
		{6D98639B-1F71-4557-9A06-DFC40DB84376}.Release|iPhone.ActiveCfg = Release|iPhone
		{6D98639B-1F71-4557-9A06-DFC40DB84376}.Release|iPhone.Build.0 = Release|iPhone
		{6D98639B-1F71-4557-9A06-DFC40DB84376}.Release|iPhone.Deploy.0 = Release|iPhone
		{6D98639B-1F71-4557-9A06-DFC40DB84376}.Release|iPhoneSimulator.ActiveCfg = Release|iPhoneSimulator
		{6D98639B-1F71-4557-9A06-DFC40DB84376}.Release|iPhoneSimulator.Build.0 = Release|iPhoneSimulator
		{6D98639B-1F71-4557-9A06-DFC40DB84376}.Release|iPhoneSimulator.Deploy.0 = Release|iPhoneSimulator
		{296D01F8-7032-4288-95AA-962EB131BF50}.Ad-Hoc|Any CPU.ActiveCfg = Debug|Any CPU
		{296D01F8-7032-4288-95AA-962EB131BF50}.Ad-Hoc|Any CPU.Build.0 = Debug|Any CPU
		{296D01F8-7032-4288-95AA-962EB131BF50}.Ad-Hoc|Any CPU.Deploy.0 = Debug|Any CPU
		{296D01F8-7032-4288-95AA-962EB131BF50}.Ad-Hoc|iPhone.ActiveCfg = Debug|Any CPU
		{296D01F8-7032-4288-95AA-962EB131BF50}.Ad-Hoc|iPhone.Build.0 = Debug|Any CPU
		{296D01F8-7032-4288-95AA-962EB131BF50}.Ad-Hoc|iPhone.Deploy.0 = Debug|Any CPU
		{296D01F8-7032-4288-95AA-962EB131BF50}.Ad-Hoc|iPhoneSimulator.ActiveCfg = Debug|Any CPU
		{296D01F8-7032-4288-95AA-962EB131BF50}.Ad-Hoc|iPhoneSimulator.Build.0 = Debug|Any CPU
		{296D01F8-7032-4288-95AA-962EB131BF50}.Ad-Hoc|iPhoneSimulator.Deploy.0 = Debug|Any CPU
		{296D01F8-7032-4288-95AA-962EB131BF50}.AppStore|Any CPU.ActiveCfg = Debug|Any CPU
		{296D01F8-7032-4288-95AA-962EB131BF50}.AppStore|Any CPU.Build.0 = Debug|Any CPU
		{296D01F8-7032-4288-95AA-962EB131BF50}.AppStore|Any CPU.Deploy.0 = Debug|Any CPU
		{296D01F8-7032-4288-95AA-962EB131BF50}.AppStore|iPhone.ActiveCfg = Debug|Any CPU
		{296D01F8-7032-4288-95AA-962EB131BF50}.AppStore|iPhone.Build.0 = Debug|Any CPU
		{296D01F8-7032-4288-95AA-962EB131BF50}.AppStore|iPhone.Deploy.0 = Debug|Any CPU
		{296D01F8-7032-4288-95AA-962EB131BF50}.AppStore|iPhoneSimulator.ActiveCfg = Debug|Any CPU
		{296D01F8-7032-4288-95AA-962EB131BF50}.AppStore|iPhoneSimulator.Build.0 = Debug|Any CPU
		{296D01F8-7032-4288-95AA-962EB131BF50}.AppStore|iPhoneSimulator.Deploy.0 = Debug|Any CPU
		{296D01F8-7032-4288-95AA-962EB131BF50}.Debug|Any CPU.ActiveCfg = Debug|Any CPU
		{296D01F8-7032-4288-95AA-962EB131BF50}.Debug|Any CPU.Build.0 = Debug|Any CPU
		{296D01F8-7032-4288-95AA-962EB131BF50}.Debug|Any CPU.Deploy.0 = Debug|Any CPU
		{296D01F8-7032-4288-95AA-962EB131BF50}.Debug|iPhone.ActiveCfg = Debug|Any CPU
		{296D01F8-7032-4288-95AA-962EB131BF50}.Debug|iPhone.Build.0 = Debug|Any CPU
		{296D01F8-7032-4288-95AA-962EB131BF50}.Debug|iPhone.Deploy.0 = Debug|Any CPU
		{296D01F8-7032-4288-95AA-962EB131BF50}.Debug|iPhoneSimulator.ActiveCfg = Debug|Any CPU
		{296D01F8-7032-4288-95AA-962EB131BF50}.Debug|iPhoneSimulator.Build.0 = Debug|Any CPU
		{296D01F8-7032-4288-95AA-962EB131BF50}.Debug|iPhoneSimulator.Deploy.0 = Debug|Any CPU
		{296D01F8-7032-4288-95AA-962EB131BF50}.Release|Any CPU.ActiveCfg = Release|Any CPU
		{296D01F8-7032-4288-95AA-962EB131BF50}.Release|Any CPU.Build.0 = Release|Any CPU
		{296D01F8-7032-4288-95AA-962EB131BF50}.Release|Any CPU.Deploy.0 = Release|Any CPU
		{296D01F8-7032-4288-95AA-962EB131BF50}.Release|iPhone.ActiveCfg = Release|Any CPU
		{296D01F8-7032-4288-95AA-962EB131BF50}.Release|iPhone.Build.0 = Release|Any CPU
		{296D01F8-7032-4288-95AA-962EB131BF50}.Release|iPhone.Deploy.0 = Release|Any CPU
		{296D01F8-7032-4288-95AA-962EB131BF50}.Release|iPhoneSimulator.ActiveCfg = Release|Any CPU
		{296D01F8-7032-4288-95AA-962EB131BF50}.Release|iPhoneSimulator.Build.0 = Release|Any CPU
		{296D01F8-7032-4288-95AA-962EB131BF50}.Release|iPhoneSimulator.Deploy.0 = Release|Any CPU
	EndGlobalSection
	GlobalSection(SolutionProperties) = preSolution
		HideSolutionNode = FALSE
	EndGlobalSection
	GlobalSection(ExtensibilityGlobals) = postSolution
		SolutionGuid = {D7EE2DD5-9B1B-478E-ACBA-361FBC60A5DF}
	EndGlobalSection
EndGlobal
